// !$*UTF8*$!
{
	archiveVersion = 1;
	classes = {
	};
	objectVersion = 48;
	objects = {

/* Begin PBXBuildFile section */
		413EBB5E2024D294002654E7 /* AppDelegate.swift in Sources */ = {isa = PBXBuildFile; fileRef = 413EBB5D2024D294002654E7 /* AppDelegate.swift */; };
		413EBB602024D294002654E7 /* ViewController.swift in Sources */ = {isa = PBXBuildFile; fileRef = 413EBB5F2024D294002654E7 /* ViewController.swift */; };
		413EBB632024D294002654E7 /* Main.storyboard in Resources */ = {isa = PBXBuildFile; fileRef = 413EBB612024D294002654E7 /* Main.storyboard */; };
		413EBB652024D294002654E7 /* Assets.xcassets in Resources */ = {isa = PBXBuildFile; fileRef = 413EBB642024D294002654E7 /* Assets.xcassets */; };
		413EBB682024D294002654E7 /* LaunchScreen.storyboard in Resources */ = {isa = PBXBuildFile; fileRef = 413EBB662024D294002654E7 /* LaunchScreen.storyboard */; };
		413EBB732024D294002654E7 /* FirstProjectTests.swift in Sources */ = {isa = PBXBuildFile; fileRef = 413EBB722024D294002654E7 /* FirstProjectTests.swift */; };
		413EBB7E2024D294002654E7 /* FirstProjectUITests.swift in Sources */ = {isa = PBXBuildFile; fileRef = 413EBB7D2024D294002654E7 /* FirstProjectUITests.swift */; };
		413EBB8C2024D2D2002654E7 /* Hopetoun_falls.jpg in Resources */ = {isa = PBXBuildFile; fileRef = 413EBB8B2024D2D2002654E7 /* Hopetoun_falls.jpg */; };
		413EBB8E2024D424002654E7 /* Plot.swift in Sources */ = {isa = PBXBuildFile; fileRef = 413EBB8D2024D424002654E7 /* Plot.swift */; };
/* End PBXBuildFile section */

/* Begin PBXContainerItemProxy section */
		413EBB6F2024D294002654E7 /* PBXContainerItemProxy */ = {
			isa = PBXContainerItemProxy;
			containerPortal = 413EBB522024D294002654E7 /* Project object */;
			proxyType = 1;
			remoteGlobalIDString = 413EBB592024D294002654E7;
			remoteInfo = FirstProject;
		};
		413EBB7A2024D294002654E7 /* PBXContainerItemProxy */ = {
			isa = PBXContainerItemProxy;
			containerPortal = 413EBB522024D294002654E7 /* Project object */;
			proxyType = 1;
			remoteGlobalIDString = 413EBB592024D294002654E7;
			remoteInfo = FirstProject;
		};
/* End PBXContainerItemProxy section */

/* Begin PBXFileReference section */
		413EBB5A2024D294002654E7 /* FirstProject.app */ = {isa = PBXFileReference; explicitFileType = wrapper.application; includeInIndex = 0; path = FirstProject.app; sourceTree = BUILT_PRODUCTS_DIR; };
		413EBB5D2024D294002654E7 /* AppDelegate.swift */ = {isa = PBXFileReference; lastKnownFileType = sourcecode.swift; path = AppDelegate.swift; sourceTree = "<group>"; };
		413EBB5F2024D294002654E7 /* ViewController.swift */ = {isa = PBXFileReference; lastKnownFileType = sourcecode.swift; path = ViewController.swift; sourceTree = "<group>"; };
		413EBB622024D294002654E7 /* Base */ = {isa = PBXFileReference; lastKnownFileType = file.storyboard; name = Base; path = Base.lproj/Main.storyboard; sourceTree = "<group>"; };
		413EBB642024D294002654E7 /* Assets.xcassets */ = {isa = PBXFileReference; lastKnownFileType = folder.assetcatalog; path = Assets.xcassets; sourceTree = "<group>"; };
		413EBB672024D294002654E7 /* Base */ = {isa = PBXFileReference; lastKnownFileType = file.storyboard; name = Base; path = Base.lproj/LaunchScreen.storyboard; sourceTree = "<group>"; };
		413EBB692024D294002654E7 /* Info.plist */ = {isa = PBXFileReference; lastKnownFileType = text.plist.xml; path = Info.plist; sourceTree = "<group>"; };
		413EBB6E2024D294002654E7 /* FirstProjectTests.xctest */ = {isa = PBXFileReference; explicitFileType = wrapper.cfbundle; includeInIndex = 0; path = FirstProjectTests.xctest; sourceTree = BUILT_PRODUCTS_DIR; };
		413EBB722024D294002654E7 /* FirstProjectTests.swift */ = {isa = PBXFileReference; lastKnownFileType = sourcecode.swift; path = FirstProjectTests.swift; sourceTree = "<group>"; };
		413EBB742024D294002654E7 /* Info.plist */ = {isa = PBXFileReference; lastKnownFileType = text.plist.xml; path = Info.plist; sourceTree = "<group>"; };
		413EBB792024D294002654E7 /* FirstProjectUITests.xctest */ = {isa = PBXFileReference; explicitFileType = wrapper.cfbundle; includeInIndex = 0; path = FirstProjectUITests.xctest; sourceTree = BUILT_PRODUCTS_DIR; };
		413EBB7D2024D294002654E7 /* FirstProjectUITests.swift */ = {isa = PBXFileReference; lastKnownFileType = sourcecode.swift; path = FirstProjectUITests.swift; sourceTree = "<group>"; };
		413EBB7F2024D294002654E7 /* Info.plist */ = {isa = PBXFileReference; lastKnownFileType = text.plist.xml; path = Info.plist; sourceTree = "<group>"; };
		413EBB8B2024D2D2002654E7 /* Hopetoun_falls.jpg */ = {isa = PBXFileReference; lastKnownFileType = image.jpeg; path = Hopetoun_falls.jpg; sourceTree = "<group>"; };
		413EBB8D2024D424002654E7 /* Plot.swift */ = {isa = PBXFileReference; lastKnownFileType = sourcecode.swift; path = Plot.swift; sourceTree = "<group>"; };
/* End PBXFileReference section */

/* Begin PBXFrameworksBuildPhase section */
		413EBB572024D294002654E7 /* Frameworks */ = {
			isa = PBXFrameworksBuildPhase;
			buildActionMask = 2147483647;
			files = (
			);
			runOnlyForDeploymentPostprocessing = 0;
		};
		413EBB6B2024D294002654E7 /* Frameworks */ = {
			isa = PBXFrameworksBuildPhase;
			buildActionMask = 2147483647;
			files = (
			);
			runOnlyForDeploymentPostprocessing = 0;
		};
		413EBB762024D294002654E7 /* Frameworks */ = {
			isa = PBXFrameworksBuildPhase;
			buildActionMask = 2147483647;
			files = (
			);
			runOnlyForDeploymentPostprocessing = 0;
		};
/* End PBXFrameworksBuildPhase section */

/* Begin PBXGroup section */
		413EBB512024D294002654E7 = {
			isa = PBXGroup;
			children = (
				413EBB5C2024D294002654E7 /* FirstProject */,
				413EBB712024D294002654E7 /* FirstProjectTests */,
				413EBB7C2024D294002654E7 /* FirstProjectUITests */,
				413EBB5B2024D294002654E7 /* Products */,
			);
			sourceTree = "<group>";
		};
		413EBB5B2024D294002654E7 /* Products */ = {
			isa = PBXGroup;
			children = (
				413EBB5A2024D294002654E7 /* FirstProject.app */,
				413EBB6E2024D294002654E7 /* FirstProjectTests.xctest */,
				413EBB792024D294002654E7 /* FirstProjectUITests.xctest */,
			);
			name = Products;
			sourceTree = "<group>";
		};
		413EBB5C2024D294002654E7 /* FirstProject */ = {
			isa = PBXGroup;
			children = (
				413EBB5D2024D294002654E7 /* AppDelegate.swift */,
				413EBB5F2024D294002654E7 /* ViewController.swift */,
				413EBB612024D294002654E7 /* Main.storyboard */,
				413EBB8B2024D2D2002654E7 /* Hopetoun_falls.jpg */,
				413EBB642024D294002654E7 /* Assets.xcassets */,
				413EBB662024D294002654E7 /* LaunchScreen.storyboard */,
				413EBB692024D294002654E7 /* Info.plist */,
				413EBB8D2024D424002654E7 /* Plot.swift */,
			);
			path = FirstProject;
			sourceTree = "<group>";
		};
		413EBB712024D294002654E7 /* FirstProjectTests */ = {
			isa = PBXGroup;
			children = (
				413EBB722024D294002654E7 /* FirstProjectTests.swift */,
				413EBB742024D294002654E7 /* Info.plist */,
			);
			path = FirstProjectTests;
			sourceTree = "<group>";
		};
		413EBB7C2024D294002654E7 /* FirstProjectUITests */ = {
			isa = PBXGroup;
			children = (
				413EBB7D2024D294002654E7 /* FirstProjectUITests.swift */,
				413EBB7F2024D294002654E7 /* Info.plist */,
			);
			path = FirstProjectUITests;
			sourceTree = "<group>";
		};
/* End PBXGroup section */

/* Begin PBXNativeTarget section */
		413EBB592024D294002654E7 /* FirstProject */ = {
			isa = PBXNativeTarget;
			buildConfigurationList = 413EBB822024D294002654E7 /* Build configuration list for PBXNativeTarget "FirstProject" */;
			buildPhases = (
				413EBB562024D294002654E7 /* Sources */,
				413EBB572024D294002654E7 /* Frameworks */,
				413EBB582024D294002654E7 /* Resources */,
			);
			buildRules = (
			);
			dependencies = (
			);
			name = FirstProject;
			productName = FirstProject;
			productReference = 413EBB5A2024D294002654E7 /* FirstProject.app */;
			productType = "com.apple.product-type.application";
		};
		413EBB6D2024D294002654E7 /* FirstProjectTests */ = {
			isa = PBXNativeTarget;
			buildConfigurationList = 413EBB852024D294002654E7 /* Build configuration list for PBXNativeTarget "FirstProjectTests" */;
			buildPhases = (
				413EBB6A2024D294002654E7 /* Sources */,
				413EBB6B2024D294002654E7 /* Frameworks */,
				413EBB6C2024D294002654E7 /* Resources */,
			);
			buildRules = (
			);
			dependencies = (
				413EBB702024D294002654E7 /* PBXTargetDependency */,
			);
			name = FirstProjectTests;
			productName = FirstProjectTests;
			productReference = 413EBB6E2024D294002654E7 /* FirstProjectTests.xctest */;
			productType = "com.apple.product-type.bundle.unit-test";
		};
		413EBB782024D294002654E7 /* FirstProjectUITests */ = {
			isa = PBXNativeTarget;
			buildConfigurationList = 413EBB882024D294002654E7 /* Build configuration list for PBXNativeTarget "FirstProjectUITests" */;
			buildPhases = (
				413EBB752024D294002654E7 /* Sources */,
				413EBB762024D294002654E7 /* Frameworks */,
				413EBB772024D294002654E7 /* Resources */,
			);
			buildRules = (
			);
			dependencies = (
				413EBB7B2024D294002654E7 /* PBXTargetDependency */,
			);
			name = FirstProjectUITests;
			productName = FirstProjectUITests;
			productReference = 413EBB792024D294002654E7 /* FirstProjectUITests.xctest */;
			productType = "com.apple.product-type.bundle.ui-testing";
		};
/* End PBXNativeTarget section */

/* Begin PBXProject section */
		413EBB522024D294002654E7 /* Project object */ = {
			isa = PBXProject;
			attributes = {
				LastSwiftUpdateCheck = 0920;
				LastUpgradeCheck = 0920;
				ORGANIZATIONNAME = "Connor Welch";
				TargetAttributes = {
					413EBB592024D294002654E7 = {
						CreatedOnToolsVersion = 9.2;
						ProvisioningStyle = Automatic;
					};
					413EBB6D2024D294002654E7 = {
						CreatedOnToolsVersion = 9.2;
						ProvisioningStyle = Automatic;
						TestTargetID = 413EBB592024D294002654E7;
					};
					413EBB782024D294002654E7 = {
						CreatedOnToolsVersion = 9.2;
						ProvisioningStyle = Automatic;
						TestTargetID = 413EBB592024D294002654E7;
					};
				};
			};
			buildConfigurationList = 413EBB552024D294002654E7 /* Build configuration list for PBXProject "FirstProject" */;
			compatibilityVersion = "Xcode 8.0";
			developmentRegion = en;
			hasScannedForEncodings = 0;
			knownRegions = (
				en,
				Base,
			);
			mainGroup = 413EBB512024D294002654E7;
			productRefGroup = 413EBB5B2024D294002654E7 /* Products */;
			projectDirPath = "";
			projectRoot = "";
			targets = (
				413EBB592024D294002654E7 /* FirstProject */,
				413EBB6D2024D294002654E7 /* FirstProjectTests */,
				413EBB782024D294002654E7 /* FirstProjectUITests */,
			);
		};
/* End PBXProject section */

/* Begin PBXResourcesBuildPhase section */
		413EBB582024D294002654E7 /* Resources */ = {
			isa = PBXResourcesBuildPhase;
			buildActionMask = 2147483647;
			files = (
				413EBB8C2024D2D2002654E7 /* Hopetoun_falls.jpg in Resources */,
				413EBB682024D294002654E7 /* LaunchScreen.storyboard in Resources */,
				413EBB652024D294002654E7 /* Assets.xcassets in Resources */,
				413EBB632024D294002654E7 /* Main.storyboard in Resources */,
			);
			runOnlyForDeploymentPostprocessing = 0;
		};
		413EBB6C2024D294002654E7 /* Resources */ = {
			isa = PBXResourcesBuildPhase;
			buildActionMask = 2147483647;
			files = (
			);
			runOnlyForDeploymentPostprocessing = 0;
		};
		413EBB772024D294002654E7 /* Resources */ = {
			isa = PBXResourcesBuildPhase;
			buildActionMask = 2147483647;
			files = (
			);
			runOnlyForDeploymentPostprocessing = 0;
		};
/* End PBXResourcesBuildPhase section */

/* Begin PBXSourcesBuildPhase section */
		413EBB562024D294002654E7 /* Sources */ = {
			isa = PBXSourcesBuildPhase;
			buildActionMask = 2147483647;
			files = (
				413EBB602024D294002654E7 /* ViewController.swift in Sources */,
				413EBB8E2024D424002654E7 /* Plot.swift in Sources */,
				413EBB5E2024D294002654E7 /* AppDelegate.swift in Sources */,
			);
			runOnlyForDeploymentPostprocessing = 0;
		};
		413EBB6A2024D294002654E7 /* Sources */ = {
			isa = PBXSourcesBuildPhase;
			buildActionMask = 2147483647;
			files = (
				413EBB732024D294002654E7 /* FirstProjectTests.swift in Sources */,
			);
			runOnlyForDeploymentPostprocessing = 0;
		};
		413EBB752024D294002654E7 /* Sources */ = {
			isa = PBXSourcesBuildPhase;
			buildActionMask = 2147483647;
			files = (
				413EBB7E2024D294002654E7 /* FirstProjectUITests.swift in Sources */,
			);
			runOnlyForDeploymentPostprocessing = 0;
		};
/* End PBXSourcesBuildPhase section */

/* Begin PBXTargetDependency section */
		413EBB702024D294002654E7 /* PBXTargetDependency */ = {
			isa = PBXTargetDependency;
			target = 413EBB592024D294002654E7 /* FirstProject */;
			targetProxy = 413EBB6F2024D294002654E7 /* PBXContainerItemProxy */;
		};
		413EBB7B2024D294002654E7 /* PBXTargetDependency */ = {
			isa = PBXTargetDependency;
			target = 413EBB592024D294002654E7 /* FirstProject */;
			targetProxy = 413EBB7A2024D294002654E7 /* PBXContainerItemProxy */;
		};
/* End PBXTargetDependency section */

/* Begin PBXVariantGroup section */
		413EBB612024D294002654E7 /* Main.storyboard */ = {
			isa = PBXVariantGroup;
			children = (
				413EBB622024D294002654E7 /* Base */,
			);
			name = Main.storyboard;
			sourceTree = "<group>";
		};
		413EBB662024D294002654E7 /* LaunchScreen.storyboard */ = {
			isa = PBXVariantGroup;
			children = (
				413EBB672024D294002654E7 /* Base */,
			);
			name = LaunchScreen.storyboard;
			sourceTree = "<group>";
		};
/* End PBXVariantGroup section */

/* Begin XCBuildConfiguration section */
		413EBB802024D294002654E7 /* Debug */ = {
			isa = XCBuildConfiguration;
			buildSettings = {
				ALWAYS_SEARCH_USER_PATHS = NO;
				CLANG_ANALYZER_NONNULL = YES;
				CLANG_ANALYZER_NUMBER_OBJECT_CONVERSION = YES_AGGRESSIVE;
				CLANG_CXX_LANGUAGE_STANDARD = "gnu++14";
				CLANG_CXX_LIBRARY = "libc++";
				CLANG_ENABLE_MODULES = YES;
				CLANG_ENABLE_OBJC_ARC = YES;
				CLANG_WARN_BLOCK_CAPTURE_AUTORELEASING = YES;
				CLANG_WARN_BOOL_CONVERSION = YES;
				CLANG_WARN_COMMA = YES;
				CLANG_WARN_CONSTANT_CONVERSION = YES;
				CLANG_WARN_DIRECT_OBJC_ISA_USAGE = YES_ERROR;
				CLANG_WARN_DOCUMENTATION_COMMENTS = YES;
				CLANG_WARN_EMPTY_BODY = YES;
				CLANG_WARN_ENUM_CONVERSION = YES;
				CLANG_WARN_INFINITE_RECURSION = YES;
				CLANG_WARN_INT_CONVERSION = YES;
				CLANG_WARN_NON_LITERAL_NULL_CONVERSION = YES;
				CLANG_WARN_OBJC_LITERAL_CONVERSION = YES;
				CLANG_WARN_OBJC_ROOT_CLASS = YES_ERROR;
				CLANG_WARN_RANGE_LOOP_ANALYSIS = YES;
				CLANG_WARN_STRICT_PROTOTYPES = YES;
				CLANG_WARN_SUSPICIOUS_MOVE = YES;
				CLANG_WARN_UNGUARDED_AVAILABILITY = YES_AGGRESSIVE;
				CLANG_WARN_UNREACHABLE_CODE = YES;
				CLANG_WARN__DUPLICATE_METHOD_MATCH = YES;
				CODE_SIGN_IDENTITY = "iPhone Developer";
				COPY_PHASE_STRIP = NO;
				DEBUG_INFORMATION_FORMAT = dwarf;
				ENABLE_STRICT_OBJC_MSGSEND = YES;
				ENABLE_TESTABILITY = YES;
				GCC_C_LANGUAGE_STANDARD = gnu11;
				GCC_DYNAMIC_NO_PIC = NO;
				GCC_NO_COMMON_BLOCKS = YES;
				GCC_OPTIMIZATION_LEVEL = 0;
				GCC_PREPROCESSOR_DEFINITIONS = (
					"DEBUG=1",
					"$(inherited)",
				);
				GCC_WARN_64_TO_32_BIT_CONVERSION = YES;
				GCC_WARN_ABOUT_RETURN_TYPE = YES_ERROR;
				GCC_WARN_UNDECLARED_SELECTOR = YES;
				GCC_WARN_UNINITIALIZED_AUTOS = YES_AGGRESSIVE;
				GCC_WARN_UNUSED_FUNCTION = YES;
				GCC_WARN_UNUSED_VARIABLE = YES;
				IPHONEOS_DEPLOYMENT_TARGET = 11.2;
				MTL_ENABLE_DEBUG_INFO = YES;
				ONLY_ACTIVE_ARCH = YES;
				SDKROOT = iphoneos;
				SWIFT_ACTIVE_COMPILATION_CONDITIONS = DEBUG;
				SWIFT_OPTIMIZATION_LEVEL = "-Onone";
			};
			name = Debug;
		};
		413EBB812024D294002654E7 /* Release */ = {
			isa = XCBuildConfiguration;
			buildSettings = {
				ALWAYS_SEARCH_USER_PATHS = NO;
				CLANG_ANALYZER_NONNULL = YES;
				CLANG_ANALYZER_NUMBER_OBJECT_CONVERSION = YES_AGGRESSIVE;
				CLANG_CXX_LANGUAGE_STANDARD = "gnu++14";
				CLANG_CXX_LIBRARY = "libc++";
				CLANG_ENABLE_MODULES = YES;
				CLANG_ENABLE_OBJC_ARC = YES;
				CLANG_WARN_BLOCK_CAPTURE_AUTORELEASING = YES;
				CLANG_WARN_BOOL_CONVERSION = YES;
				CLANG_WARN_COMMA = YES;
				CLANG_WARN_CONSTANT_CONVERSION = YES;
				CLANG_WARN_DIRECT_OBJC_ISA_USAGE = YES_ERROR;
				CLANG_WARN_DOCUMENTATION_COMMENTS = YES;
				CLANG_WARN_EMPTY_BODY = YES;
				CLANG_WARN_ENUM_CONVERSION = YES;
				CLANG_WARN_INFINITE_RECURSION = YES;
				CLANG_WARN_INT_CONVERSION = YES;
				CLANG_WARN_NON_LITERAL_NULL_CONVERSION = YES;
				CLANG_WARN_OBJC_LITERAL_CONVERSION = YES;
				CLANG_WARN_OBJC_ROOT_CLASS = YES_ERROR;
				CLANG_WARN_RANGE_LOOP_ANALYSIS = YES;
				CLANG_WARN_STRICT_PROTOTYPES = YES;
				CLANG_WARN_SUSPICIOUS_MOVE = YES;
				CLANG_WARN_UNGUARDED_AVAILABILITY = YES_AGGRESSIVE;
				CLANG_WARN_UNREACHABLE_CODE = YES;
				CLANG_WARN__DUPLICATE_METHOD_MATCH = YES;
				CODE_SIGN_IDENTITY = "iPhone Developer";
				COPY_PHASE_STRIP = NO;
				DEBUG_INFORMATION_FORMAT = "dwarf-with-dsym";
				ENABLE_NS_ASSERTIONS = NO;
				ENABLE_STRICT_OBJC_MSGSEND = YES;
				GCC_C_LANGUAGE_STANDARD = gnu11;
				GCC_NO_COMMON_BLOCKS = YES;
				GCC_WARN_64_TO_32_BIT_CONVERSION = YES;
				GCC_WARN_ABOUT_RETURN_TYPE = YES_ERROR;
				GCC_WARN_UNDECLARED_SELECTOR = YES;
				GCC_WARN_UNINITIALIZED_AUTOS = YES_AGGRESSIVE;
				GCC_WARN_UNUSED_FUNCTION = YES;
				GCC_WARN_UNUSED_VARIABLE = YES;
				IPHONEOS_DEPLOYMENT_TARGET = 11.2;
				MTL_ENABLE_DEBUG_INFO = NO;
				SDKROOT = iphoneos;
				SWIFT_OPTIMIZATION_LEVEL = "-Owholemodule";
				VALIDATE_PRODUCT = YES;
			};
			name = Release;
		};
		413EBB832024D294002654E7 /* Debug */ = {
			isa = XCBuildConfiguration;
			buildSettings = {
				ASSETCATALOG_COMPILER_APPICON_NAME = AppIcon;
				CODE_SIGN_STYLE = Automatic;
				INFOPLIST_FILE = FirstProject/Info.plist;
				LD_RUNPATH_SEARCH_PATHS = "$(inherited) @executable_path/Frameworks";
				PRODUCT_BUNDLE_IDENTIFIER = connor.FirstProject;
				PRODUCT_NAME = "$(TARGET_NAME)";
				SWIFT_VERSION = 4.0;
				TARGETED_DEVICE_FAMILY = "1,2";
			};
			name = Debug;
		};
		413EBB842024D294002654E7 /* Release */ = {
			isa = XCBuildConfiguration;
			buildSettings = {
				ASSETCATALOG_COMPILER_APPICON_NAME = AppIcon;
				CODE_SIGN_STYLE = Automatic;
				INFOPLIST_FILE = FirstProject/Info.plist;
				LD_RUNPATH_SEARCH_PATHS = "$(inherited) @executable_path/Frameworks";
				PRODUCT_BUNDLE_IDENTIFIER = connor.FirstProject;
				PRODUCT_NAME = "$(TARGET_NAME)";
				SWIFT_VERSION = 4.0;
				TARGETED_DEVICE_FAMILY = "1,2";
			};
			name = Release;
		};
		413EBB862024D294002654E7 /* Debug */ = {
			isa = XCBuildConfiguration;
			buildSettings = {
				ALWAYS_EMBED_SWIFT_STANDARD_LIBRARIES = YES;
				BUNDLE_LOADER = "$(TEST_HOST)";
				CODE_SIGN_STYLE = Automatic;
				INFOPLIST_FILE = FirstProjectTests/Info.plist;
				LD_RUNPATH_SEARCH_PATHS = "$(inherited) @executable_path/Frameworks @loader_path/Frameworks";
				PRODUCT_BUNDLE_IDENTIFIER = connor.FirstProjectTests;
				PRODUCT_NAME = "$(TARGET_NAME)";
				SWIFT_VERSION = 4.0;
				TARGETED_DEVICE_FAMILY = "1,2";
				TEST_HOST = "$(BUILT_PRODUCTS_DIR)/FirstProject.app/FirstProject";
			};
			name = Debug;
		};
		413EBB872024D294002654E7 /* Release */ = {
			isa = XCBuildConfiguration;
			buildSettings = {
				ALWAYS_EMBED_SWIFT_STANDARD_LIBRARIES = YES;
				BUNDLE_LOADER = "$(TEST_HOST)";
				CODE_SIGN_STYLE = Automatic;
				INFOPLIST_FILE = FirstProjectTests/Info.plist;
				LD_RUNPATH_SEARCH_PATHS = "$(inherited) @executable_path/Frameworks @loader_path/Frameworks";
				PRODUCT_BUNDLE_IDENTIFIER = connor.FirstProjectTests;
				PRODUCT_NAME = "$(TARGET_NAME)";
				SWIFT_VERSION = 4.0;
				TARGETED_DEVICE_FAMILY = "1,2";
				TEST_HOST = "$(BUILT_PRODUCTS_DIR)/FirstProject.app/FirstProject";
			};
			name = Release;
		};
		413EBB892024D294002654E7 /* Debug */ = {
			isa = XCBuildConfiguration;
			buildSettings = {
				ALWAYS_EMBED_SWIFT_STANDARD_LIBRARIES = YES;
				CODE_SIGN_STYLE = Automatic;
				INFOPLIST_FILE = FirstProjectUITests/Info.plist;
				LD_RUNPATH_SEARCH_PATHS = "$(inherited) @executable_path/Frameworks @loader_path/Frameworks";
				PRODUCT_BUNDLE_IDENTIFIER = connor.FirstProjectUITests;
				PRODUCT_NAME = "$(TARGET_NAME)";
				SWIFT_VERSION = 4.0;
				TARGETED_DEVICE_FAMILY = "1,2";
				TEST_TARGET_NAME = FirstProject;
			};
			name = Debug;
		};
		413EBB8A2024D294002654E7 /* Release */ = {
			isa = XCBuildConfiguration;
			buildSettings = {
				ALWAYS_EMBED_SWIFT_STANDARD_LIBRARIES = YES;
				CODE_SIGN_STYLE = Automatic;
				INFOPLIST_FILE = FirstProjectUITests/Info.plist;
				LD_RUNPATH_SEARCH_PATHS = "$(inherited) @executable_path/Frameworks @loader_path/Frameworks";
				PRODUCT_BUNDLE_IDENTIFIER = connor.FirstProjectUITests;
				PRODUCT_NAME = "$(TARGET_NAME)";
				SWIFT_VERSION = 4.0;
				TARGETED_DEVICE_FAMILY = "1,2";
				TEST_TARGET_NAME = FirstProject;
			};
			name = Release;
		};
/* End XCBuildConfiguration section */

/* Begin XCConfigurationList section */
		413EBB552024D294002654E7 /* Build configuration list for PBXProject "FirstProject" */ = {
			isa = XCConfigurationList;
			buildConfigurations = (
				413EBB802024D294002654E7 /* Debug */,
				413EBB812024D294002654E7 /* Release */,
			);
			defaultConfigurationIsVisible = 0;
			defaultConfigurationName = Release;
		};
		413EBB822024D294002654E7 /* Build configuration list for PBXNativeTarget "FirstProject" */ = {
			isa = XCConfigurationList;
			buildConfigurations = (
				413EBB832024D294002654E7 /* Debug */,
				413EBB842024D294002654E7 /* Release */,
			);
			defaultConfigurationIsVisible = 0;
			defaultConfigurationName = Release;
		};
		413EBB852024D294002654E7 /* Build configuration list for PBXNativeTarget "FirstProjectTests" */ = {
			isa = XCConfigurationList;
			buildConfigurations = (
				413EBB862024D294002654E7 /* Debug */,
				413EBB872024D294002654E7 /* Release */,
			);
			defaultConfigurationIsVisible = 0;
			defaultConfigurationName = Release;
		};
		413EBB882024D294002654E7 /* Build configuration list for PBXNativeTarget "FirstProjectUITests" */ = {
			isa = XCConfigurationList;
			buildConfigurations = (
				413EBB892024D294002654E7 /* Debug */,
				413EBB8A2024D294002654E7 /* Release */,
			);
			defaultConfigurationIsVisible = 0;
			defaultConfigurationName = Release;
		};
/* End XCConfigurationList section */
	};
	rootObject = 413EBB522024D294002654E7 /* Project object */;
}
